<Solution>
  <Folder Name="/apps/">
    <Project Path="apps/Web/Web.csproj" />
    <Project Path="utils/Database/Database.csproj" />
    <Project Path="PlaywrightTests/PlaywrightTests.csproj"/>
  </Folder>
  <Folder Name="/tests/">
    <Project Path="tests/PlaywrightTests/PlaywrightTests.csproj" />
  </Folder>
</Solution>
